// !$*UTF8*$!
{
	archiveVersion = 1;
	classes = {
	};
	objectVersion = 46;
	objects = {

/* Begin PBXBuildFile section */
		C4090ADE17CC5919005A7CE2 /* UIKit.framework in Frameworks */ = {isa = PBXBuildFile; fileRef = C4090ADD17CC5919005A7CE2 /* UIKit.framework */; };
		C4090AE017CC5919005A7CE2 /* Foundation.framework in Frameworks */ = {isa = PBXBuildFile; fileRef = C4090ADF17CC5919005A7CE2 /* Foundation.framework */; };
		C4090AE217CC5919005A7CE2 /* CoreGraphics.framework in Frameworks */ = {isa = PBXBuildFile; fileRef = C4090AE117CC5919005A7CE2 /* CoreGraphics.framework */; };
		C4090AE817CC5919005A7CE2 /* InfoPlist.strings in Resources */ = {isa = PBXBuildFile; fileRef = C4090AE617CC5919005A7CE2 /* InfoPlist.strings */; };
		C4090AEA17CC5919005A7CE2 /* main.m in Sources */ = {isa = PBXBuildFile; fileRef = C4090AE917CC5919005A7CE2 /* main.m */; };
		C4090AEE17CC5919005A7CE2 /* AppDelegate.m in Sources */ = {isa = PBXBuildFile; fileRef = C4090AED17CC5919005A7CE2 /* AppDelegate.m */; };
		C4090AF017CC5919005A7CE2 /* Default.png in Resources */ = {isa = PBXBuildFile; fileRef = C4090AEF17CC5919005A7CE2 /* Default.png */; };
		C4090AF217CC5919005A7CE2 /* Default@2x.png in Resources */ = {isa = PBXBuildFile; fileRef = C4090AF117CC5919005A7CE2 /* Default@2x.png */; };
		C4090AF417CC5919005A7CE2 /* Default-568h@2x.png in Resources */ = {isa = PBXBuildFile; fileRef = C4090AF317CC5919005A7CE2 /* Default-568h@2x.png */; };
		C4090AF717CC5919005A7CE2 /* ViewController.m in Sources */ = {isa = PBXBuildFile; fileRef = C4090AF617CC5919005A7CE2 /* ViewController.m */; };
		C4090AFA17CC5919005A7CE2 /* ViewController_iPhone.xib in Resources */ = {isa = PBXBuildFile; fileRef = C4090AF817CC5919005A7CE2 /* ViewController_iPhone.xib */; };
		C4090AFD17CC5919005A7CE2 /* ViewController_iPad.xib in Resources */ = {isa = PBXBuildFile; fileRef = C4090AFB17CC5919005A7CE2 /* ViewController_iPad.xib */; };
		C4090B2217CC5962005A7CE2 /* airplay-display.png in Resources */ = {isa = PBXBuildFile; fileRef = C4090B0617CC5962005A7CE2 /* airplay-display.png */; };
		C4090B2317CC5962005A7CE2 /* airplay-display@2x.png in Resources */ = {isa = PBXBuildFile; fileRef = C4090B0717CC5962005A7CE2 /* airplay-display@2x.png */; };
		C4090B2417CC5962005A7CE2 /* fullscreen-button.png in Resources */ = {isa = PBXBuildFile; fileRef = C4090B0817CC5962005A7CE2 /* fullscreen-button.png */; };
		C4090B2517CC5962005A7CE2 /* fullscreen-button@2x.png in Resources */ = {isa = PBXBuildFile; fileRef = C4090B0917CC5962005A7CE2 /* fullscreen-button@2x.png */; };
		C4090B2617CC5962005A7CE2 /* minimize-button.png in Resources */ = {isa = PBXBuildFile; fileRef = C4090B0A17CC5962005A7CE2 /* minimize-button.png */; };
		C4090B2717CC5962005A7CE2 /* minimize-button@2x.png in Resources */ = {isa = PBXBuildFile; fileRef = C4090B0B17CC5962005A7CE2 /* minimize-button@2x.png */; };
		C4090B2817CC5962005A7CE2 /* pause-button.png in Resources */ = {isa = PBXBuildFile; fileRef = C4090B0C17CC5962005A7CE2 /* pause-button.png */; };
		C4090B2917CC5962005A7CE2 /* pause-button@2x.png in Resources */ = {isa = PBXBuildFile; fileRef = C4090B0D17CC5962005A7CE2 /* pause-button@2x.png */; };
		C4090B2A17CC5962005A7CE2 /* play-button.png in Resources */ = {isa = PBXBuildFile; fileRef = C4090B0E17CC5962005A7CE2 /* play-button.png */; };
		C4090B2B17CC5962005A7CE2 /* play-button@2x.png in Resources */ = {isa = PBXBuildFile; fileRef = C4090B0F17CC5962005A7CE2 /* play-button@2x.png */; };
		C4090B2C17CC5962005A7CE2 /* share-button.png in Resources */ = {isa = PBXBuildFile; fileRef = C4090B1017CC5962005A7CE2 /* share-button.png */; };
		C4090B2D17CC5962005A7CE2 /* share-button@2x.png in Resources */ = {isa = PBXBuildFile; fileRef = C4090B1117CC5962005A7CE2 /* share-button@2x.png */; };
		C4090B2E17CC5962005A7CE2 /* transparentBar.png in Resources */ = {isa = PBXBuildFile; fileRef = C4090B1217CC5962005A7CE2 /* transparentBar.png */; };
		C4090B2F17CC5962005A7CE2 /* transparentBar@2x.png in Resources */ = {isa = PBXBuildFile; fileRef = C4090B1317CC5962005A7CE2 /* transparentBar@2x.png */; };
		C4090B3017CC5962005A7CE2 /* AirplayActiveView.m in Sources */ = {isa = PBXBuildFile; fileRef = C4090B1617CC5962005A7CE2 /* AirplayActiveView.m */; settings = {COMPILER_FLAGS = "-fobjc-arc"; }; };
		C4090B3117CC5962005A7CE2 /* FullScreenView.m in Sources */ = {isa = PBXBuildFile; fileRef = C4090B1817CC5962005A7CE2 /* FullScreenView.m */; settings = {COMPILER_FLAGS = "-fobjc-arc"; }; };
		C4090B3217CC5962005A7CE2 /* FullScreenViewController.m in Sources */ = {isa = PBXBuildFile; fileRef = C4090B1A17CC5962005A7CE2 /* FullScreenViewController.m */; settings = {COMPILER_FLAGS = "-fobjc-arc"; }; };
		C4090B3317CC5962005A7CE2 /* VideoPlayerKit.m in Sources */ = {isa = PBXBuildFile; fileRef = C4090B1D17CC5962005A7CE2 /* VideoPlayerKit.m */; settings = {COMPILER_FLAGS = "-fobjc-arc"; }; };
		C4090B3417CC5962005A7CE2 /* VideoPlayerView.m in Sources */ = {isa = PBXBuildFile; fileRef = C4090B1F17CC5962005A7CE2 /* VideoPlayerView.m */; settings = {COMPILER_FLAGS = "-fobjc-arc"; }; };
		C4090B3517CC5962005A7CE2 /* README.md in Resources */ = {isa = PBXBuildFile; fileRef = C4090B2017CC5962005A7CE2 /* README.md */; };
		C4090B3617CC5962005A7CE2 /* VideoPlayerKit.podspec in Resources */ = {isa = PBXBuildFile; fileRef = C4090B2117CC5962005A7CE2 /* VideoPlayerKit.podspec */; };
		C4090B3817CC5A9E005A7CE2 /* MediaPlayer.framework in Frameworks */ = {isa = PBXBuildFile; fileRef = C4090B3717CC5A9E005A7CE2 /* MediaPlayer.framework */; };
		C4090B3A17CC5AB7005A7CE2 /* AVFoundation.framework in Frameworks */ = {isa = PBXBuildFile; fileRef = C4090B3917CC5AB7005A7CE2 /* AVFoundation.framework */; };
		C4090B3C17CC5AC0005A7CE2 /* CoreMedia.framework in Frameworks */ = {isa = PBXBuildFile; fileRef = C4090B3B17CC5AC0005A7CE2 /* CoreMedia.framework */; };
		C4090B3E17CC5AC8005A7CE2 /* QuartzCore.framework in Frameworks */ = {isa = PBXBuildFile; fileRef = C4090B3D17CC5AC8005A7CE2 /* QuartzCore.framework */; };
		C4090B4217CC5B72005A7CE2 /* playerPage.m in Sources */ = {isa = PBXBuildFile; fileRef = C4090B4017CC5B70005A7CE2 /* playerPage.m */; };
		C4090B4317CC5B72005A7CE2 /* playerPage.xib in Resources */ = {isa = PBXBuildFile; fileRef = C4090B4117CC5B71005A7CE2 /* playerPage.xib */; };
/* End PBXBuildFile section */

/* Begin PBXFileReference section */
		C4090ADA17CC5919005A7CE2 /* AVPlayerDemo.app */ = {isa = PBXFileReference; explicitFileType = wrapper.application; includeInIndex = 0; path = AVPlayerDemo.app; sourceTree = BUILT_PRODUCTS_DIR; };
		C4090ADD17CC5919005A7CE2 /* UIKit.framework */ = {isa = PBXFileReference; lastKnownFileType = wrapper.framework; name = UIKit.framework; path = System/Library/Frameworks/UIKit.framework; sourceTree = SDKROOT; };
		C4090ADF17CC5919005A7CE2 /* Foundation.framework */ = {isa = PBXFileReference; lastKnownFileType = wrapper.framework; name = Foundation.framework; path = System/Library/Frameworks/Foundation.framework; sourceTree = SDKROOT; };
		C4090AE117CC5919005A7CE2 /* CoreGraphics.framework */ = {isa = PBXFileReference; lastKnownFileType = wrapper.framework; name = CoreGraphics.framework; path = System/Library/Frameworks/CoreGraphics.framework; sourceTree = SDKROOT; };
		C4090AE517CC5919005A7CE2 /* AVPlayerDemo-Info.plist */ = {isa = PBXFileReference; lastKnownFileType = text.plist.xml; path = "AVPlayerDemo-Info.plist"; sourceTree = "<group>"; };
		C4090AE717CC5919005A7CE2 /* en */ = {isa = PBXFileReference; lastKnownFileType = text.plist.strings; name = en; path = en.lproj/InfoPlist.strings; sourceTree = "<group>"; };
		C4090AE917CC5919005A7CE2 /* main.m */ = {isa = PBXFileReference; lastKnownFileType = sourcecode.c.objc; path = main.m; sourceTree = "<group>"; };
		C4090AEB17CC5919005A7CE2 /* AVPlayerDemo-Prefix.pch */ = {isa = PBXFileReference; lastKnownFileType = sourcecode.c.h; path = "AVPlayerDemo-Prefix.pch"; sourceTree = "<group>"; };
		C4090AEC17CC5919005A7CE2 /* AppDelegate.h */ = {isa = PBXFileReference; lastKnownFileType = sourcecode.c.h; path = AppDelegate.h; sourceTree = "<group>"; };
		C4090AED17CC5919005A7CE2 /* AppDelegate.m */ = {isa = PBXFileReference; lastKnownFileType = sourcecode.c.objc; path = AppDelegate.m; sourceTree = "<group>"; };
		C4090AEF17CC5919005A7CE2 /* Default.png */ = {isa = PBXFileReference; lastKnownFileType = image.png; path = Default.png; sourceTree = "<group>"; };
		C4090AF117CC5919005A7CE2 /* Default@2x.png */ = {isa = PBXFileReference; lastKnownFileType = image.png; path = "Default@2x.png"; sourceTree = "<group>"; };
		C4090AF317CC5919005A7CE2 /* Default-568h@2x.png */ = {isa = PBXFileReference; lastKnownFileType = image.png; path = "Default-568h@2x.png"; sourceTree = "<group>"; };
		C4090AF517CC5919005A7CE2 /* ViewController.h */ = {isa = PBXFileReference; lastKnownFileType = sourcecode.c.h; path = ViewController.h; sourceTree = "<group>"; };
		C4090AF617CC5919005A7CE2 /* ViewController.m */ = {isa = PBXFileReference; lastKnownFileType = sourcecode.c.objc; path = ViewController.m; sourceTree = "<group>"; };
		C4090AF917CC5919005A7CE2 /* en */ = {isa = PBXFileReference; lastKnownFileType = file.xib; name = en; path = en.lproj/ViewController_iPhone.xib; sourceTree = "<group>"; };
		C4090AFC17CC5919005A7CE2 /* en */ = {isa = PBXFileReference; lastKnownFileType = file.xib; name = en; path = en.lproj/ViewController_iPad.xib; sourceTree = "<group>"; };
		C4090B0617CC5962005A7CE2 /* airplay-display.png */ = {isa = PBXFileReference; lastKnownFileType = image.png; path = "airplay-display.png"; sourceTree = "<group>"; };
		C4090B0717CC5962005A7CE2 /* airplay-display@2x.png */ = {isa = PBXFileReference; lastKnownFileType = image.png; path = "airplay-display@2x.png"; sourceTree = "<group>"; };
		C4090B0817CC5962005A7CE2 /* fullscreen-button.png */ = {isa = PBXFileReference; lastKnownFileType = image.png; path = "fullscreen-button.png"; sourceTree = "<group>"; };
		C4090B0917CC5962005A7CE2 /* fullscreen-button@2x.png */ = {isa = PBXFileReference; lastKnownFileType = image.png; path = "fullscreen-button@2x.png"; sourceTree = "<group>"; };
		C4090B0A17CC5962005A7CE2 /* minimize-button.png */ = {isa = PBXFileReference; lastKnownFileType = image.png; path = "minimize-button.png"; sourceTree = "<group>"; };
		C4090B0B17CC5962005A7CE2 /* minimize-button@2x.png */ = {isa = PBXFileReference; lastKnownFileType = image.png; path = "minimize-button@2x.png"; sourceTree = "<group>"; };
		C4090B0C17CC5962005A7CE2 /* pause-button.png */ = {isa = PBXFileReference; lastKnownFileType = image.png; path = "pause-button.png"; sourceTree = "<group>"; };
		C4090B0D17CC5962005A7CE2 /* pause-button@2x.png */ = {isa = PBXFileReference; lastKnownFileType = image.png; path = "pause-button@2x.png"; sourceTree = "<group>"; };
		C4090B0E17CC5962005A7CE2 /* play-button.png */ = {isa = PBXFileReference; lastKnownFileType = image.png; path = "play-button.png"; sourceTree = "<group>"; };
		C4090B0F17CC5962005A7CE2 /* play-button@2x.png */ = {isa = PBXFileReference; lastKnownFileType = image.png; path = "play-button@2x.png"; sourceTree = "<group>"; };
		C4090B1017CC5962005A7CE2 /* share-button.png */ = {isa = PBXFileReference; lastKnownFileType = image.png; path = "share-button.png"; sourceTree = "<group>"; };
		C4090B1117CC5962005A7CE2 /* share-button@2x.png */ = {isa = PBXFileReference; lastKnownFileType = image.png; path = "share-button@2x.png"; sourceTree = "<group>"; };
		C4090B1217CC5962005A7CE2 /* transparentBar.png */ = {isa = PBXFileReference; lastKnownFileType = image.png; path = transparentBar.png; sourceTree = "<group>"; };
		C4090B1317CC5962005A7CE2 /* transparentBar@2x.png */ = {isa = PBXFileReference; lastKnownFileType = image.png; path = "transparentBar@2x.png"; sourceTree = "<group>"; };
		C4090B1517CC5962005A7CE2 /* AirplayActiveView.h */ = {isa = PBXFileReference; fileEncoding = 4; lastKnownFileType = sourcecode.c.h; path = AirplayActiveView.h; sourceTree = "<group>"; };
		C4090B1617CC5962005A7CE2 /* AirplayActiveView.m */ = {isa = PBXFileReference; fileEncoding = 4; lastKnownFileType = sourcecode.c.objc; path = AirplayActiveView.m; sourceTree = "<group>"; };
		C4090B1717CC5962005A7CE2 /* FullScreenView.h */ = {isa = PBXFileReference; fileEncoding = 4; lastKnownFileType = sourcecode.c.h; path = FullScreenView.h; sourceTree = "<group>"; };
		C4090B1817CC5962005A7CE2 /* FullScreenView.m */ = {isa = PBXFileReference; fileEncoding = 4; lastKnownFileType = sourcecode.c.objc; path = FullScreenView.m; sourceTree = "<group>"; };
		C4090B1917CC5962005A7CE2 /* FullScreenViewController.h */ = {isa = PBXFileReference; fileEncoding = 4; lastKnownFileType = sourcecode.c.h; path = FullScreenViewController.h; sourceTree = "<group>"; };
		C4090B1A17CC5962005A7CE2 /* FullScreenViewController.m */ = {isa = PBXFileReference; fileEncoding = 4; lastKnownFileType = sourcecode.c.objc; path = FullScreenViewController.m; sourceTree = "<group>"; };
		C4090B1B17CC5962005A7CE2 /* VideoPlayer.h */ = {isa = PBXFileReference; fileEncoding = 4; lastKnownFileType = sourcecode.c.h; path = VideoPlayer.h; sourceTree = "<group>"; };
		C4090B1C17CC5962005A7CE2 /* VideoPlayerKit.h */ = {isa = PBXFileReference; fileEncoding = 4; lastKnownFileType = sourcecode.c.h; path = VideoPlayerKit.h; sourceTree = "<group>"; };
		C4090B1D17CC5962005A7CE2 /* VideoPlayerKit.m */ = {isa = PBXFileReference; fileEncoding = 4; lastKnownFileType = sourcecode.c.objc; path = VideoPlayerKit.m; sourceTree = "<group>"; };
		C4090B1E17CC5962005A7CE2 /* VideoPlayerView.h */ = {isa = PBXFileReference; fileEncoding = 4; lastKnownFileType = sourcecode.c.h; path = VideoPlayerView.h; sourceTree = "<group>"; };
		C4090B1F17CC5962005A7CE2 /* VideoPlayerView.m */ = {isa = PBXFileReference; fileEncoding = 4; lastKnownFileType = sourcecode.c.objc; path = VideoPlayerView.m; sourceTree = "<group>"; };
		C4090B2017CC5962005A7CE2 /* README.md */ = {isa = PBXFileReference; fileEncoding = 4; lastKnownFileType = text; path = README.md; sourceTree = "<group>"; };
		C4090B2117CC5962005A7CE2 /* VideoPlayerKit.podspec */ = {isa = PBXFileReference; fileEncoding = 4; lastKnownFileType = text; path = VideoPlayerKit.podspec; sourceTree = "<group>"; };
		C4090B3717CC5A9E005A7CE2 /* MediaPlayer.framework */ = {isa = PBXFileReference; lastKnownFileType = wrapper.framework; name = MediaPlayer.framework; path = System/Library/Frameworks/MediaPlayer.framework; sourceTree = SDKROOT; };
		C4090B3917CC5AB7005A7CE2 /* AVFoundation.framework */ = {isa = PBXFileReference; lastKnownFileType = wrapper.framework; name = AVFoundation.framework; path = System/Library/Frameworks/AVFoundation.framework; sourceTree = SDKROOT; };
		C4090B3B17CC5AC0005A7CE2 /* CoreMedia.framework */ = {isa = PBXFileReference; lastKnownFileType = wrapper.framework; name = CoreMedia.framework; path = System/Library/Frameworks/CoreMedia.framework; sourceTree = SDKROOT; };
		C4090B3D17CC5AC8005A7CE2 /* QuartzCore.framework */ = {isa = PBXFileReference; lastKnownFileType = wrapper.framework; name = QuartzCore.framework; path = System/Library/Frameworks/QuartzCore.framework; sourceTree = SDKROOT; };
		C4090B3F17CC5B70005A7CE2 /* playerPage.h */ = {isa = PBXFileReference; fileEncoding = 4; lastKnownFileType = sourcecode.c.h; path = playerPage.h; sourceTree = "<group>"; };
		C4090B4017CC5B70005A7CE2 /* playerPage.m */ = {isa = PBXFileReference; fileEncoding = 4; lastKnownFileType = sourcecode.c.objc; path = playerPage.m; sourceTree = "<group>"; };
		C4090B4117CC5B71005A7CE2 /* playerPage.xib */ = {isa = PBXFileReference; fileEncoding = 4; lastKnownFileType = file.xib; path = playerPage.xib; sourceTree = "<group>"; };
/* End PBXFileReference section */

/* Begin PBXFrameworksBuildPhase section */
		C4090AD717CC5919005A7CE2 /* Frameworks */ = {
			isa = PBXFrameworksBuildPhase;
			buildActionMask = 2147483647;
			files = (
				C4090B3E17CC5AC8005A7CE2 /* QuartzCore.framework in Frameworks */,
				C4090B3C17CC5AC0005A7CE2 /* CoreMedia.framework in Frameworks */,
				C4090B3A17CC5AB7005A7CE2 /* AVFoundation.framework in Frameworks */,
				C4090B3817CC5A9E005A7CE2 /* MediaPlayer.framework in Frameworks */,
				C4090ADE17CC5919005A7CE2 /* UIKit.framework in Frameworks */,
				C4090AE017CC5919005A7CE2 /* Foundation.framework in Frameworks */,
				C4090AE217CC5919005A7CE2 /* CoreGraphics.framework in Frameworks */,
			);
			runOnlyForDeploymentPostprocessing = 0;
		};
/* End PBXFrameworksBuildPhase section */

/* Begin PBXGroup section */
		C4090AD117CC5919005A7CE2 = {
			isa = PBXGroup;
			children = (
				C4090B3D17CC5AC8005A7CE2 /* QuartzCore.framework */,
				C4090B3B17CC5AC0005A7CE2 /* CoreMedia.framework */,
				C4090B3917CC5AB7005A7CE2 /* AVFoundation.framework */,
				C4090B3717CC5A9E005A7CE2 /* MediaPlayer.framework */,
				C4090AE317CC5919005A7CE2 /* AVPlayerDemo */,
				C4090ADC17CC5919005A7CE2 /* Frameworks */,
				C4090ADB17CC5919005A7CE2 /* Products */,
			);
			sourceTree = "<group>";
		};
		C4090ADB17CC5919005A7CE2 /* Products */ = {
			isa = PBXGroup;
			children = (
				C4090ADA17CC5919005A7CE2 /* AVPlayerDemo.app */,
			);
			name = Products;
			sourceTree = "<group>";
		};
		C4090ADC17CC5919005A7CE2 /* Frameworks */ = {
			isa = PBXGroup;
			children = (
				C4090ADD17CC5919005A7CE2 /* UIKit.framework */,
				C4090ADF17CC5919005A7CE2 /* Foundation.framework */,
				C4090AE117CC5919005A7CE2 /* CoreGraphics.framework */,
			);
			name = Frameworks;
			sourceTree = "<group>";
		};
		C4090AE317CC5919005A7CE2 /* AVPlayerDemo */ = {
			isa = PBXGroup;
			children = (
				C4090B0317CC594C005A7CE2 /* libs */,
				C4090AEC17CC5919005A7CE2 /* AppDelegate.h */,
				C4090AED17CC5919005A7CE2 /* AppDelegate.m */,
				C4090AF517CC5919005A7CE2 /* ViewController.h */,
				C4090AF617CC5919005A7CE2 /* ViewController.m */,
				C4090AF817CC5919005A7CE2 /* ViewController_iPhone.xib */,
				C4090AFB17CC5919005A7CE2 /* ViewController_iPad.xib */,
				C4090AE417CC5919005A7CE2 /* Supporting Files */,
				C4090B3F17CC5B70005A7CE2 /* playerPage.h */,
				C4090B4017CC5B70005A7CE2 /* playerPage.m */,
				C4090B4117CC5B71005A7CE2 /* playerPage.xib */,
			);
			path = AVPlayerDemo;
			sourceTree = "<group>";
		};
		C4090AE417CC5919005A7CE2 /* Supporting Files */ = {
			isa = PBXGroup;
			children = (
				C4090AE517CC5919005A7CE2 /* AVPlayerDemo-Info.plist */,
				C4090AE617CC5919005A7CE2 /* InfoPlist.strings */,
				C4090AE917CC5919005A7CE2 /* main.m */,
				C4090AEB17CC5919005A7CE2 /* AVPlayerDemo-Prefix.pch */,
				C4090AEF17CC5919005A7CE2 /* Default.png */,
				C4090AF117CC5919005A7CE2 /* Default@2x.png */,
				C4090AF317CC5919005A7CE2 /* Default-568h@2x.png */,
			);
			name = "Supporting Files";
			sourceTree = "<group>";
		};
		C4090B0317CC594C005A7CE2 /* libs */ = {
			isa = PBXGroup;
			children = (
				C4090B0417CC5962005A7CE2 /* VideoPlayerKit-master */,
			);
			path = libs;
			sourceTree = "<group>";
		};
		C4090B0417CC5962005A7CE2 /* VideoPlayerKit-master */ = {
			isa = PBXGroup;
			children = (
				C4090B0517CC5962005A7CE2 /* Assets */,
				C4090B1417CC5962005A7CE2 /* Code */,
				C4090B2017CC5962005A7CE2 /* README.md */,
				C4090B2117CC5962005A7CE2 /* VideoPlayerKit.podspec */,
			);
			path = "VideoPlayerKit-master";
			sourceTree = "<group>";
		};
		C4090B0517CC5962005A7CE2 /* Assets */ = {
			isa = PBXGroup;
			children = (
				C4090B0617CC5962005A7CE2 /* airplay-display.png */,
				C4090B0717CC5962005A7CE2 /* airplay-display@2x.png */,
				C4090B0817CC5962005A7CE2 /* fullscreen-button.png */,
				C4090B0917CC5962005A7CE2 /* fullscreen-button@2x.png */,
				C4090B0A17CC5962005A7CE2 /* minimize-button.png */,
				C4090B0B17CC5962005A7CE2 /* minimize-button@2x.png */,
				C4090B0C17CC5962005A7CE2 /* pause-button.png */,
				C4090B0D17CC5962005A7CE2 /* pause-button@2x.png */,
				C4090B0E17CC5962005A7CE2 /* play-button.png */,
				C4090B0F17CC5962005A7CE2 /* play-button@2x.png */,
				C4090B1017CC5962005A7CE2 /* share-button.png */,
				C4090B1117CC5962005A7CE2 /* share-button@2x.png */,
				C4090B1217CC5962005A7CE2 /* transparentBar.png */,
				C4090B1317CC5962005A7CE2 /* transparentBar@2x.png */,
			);
			path = Assets;
			sourceTree = "<group>";
		};
		C4090B1417CC5962005A7CE2 /* Code */ = {
			isa = PBXGroup;
			children = (
				C4090B1517CC5962005A7CE2 /* AirplayActiveView.h */,
				C4090B1617CC5962005A7CE2 /* AirplayActiveView.m */,
				C4090B1717CC5962005A7CE2 /* FullScreenView.h */,
				C4090B1817CC5962005A7CE2 /* FullScreenView.m */,
				C4090B1917CC5962005A7CE2 /* FullScreenViewController.h */,
				C4090B1A17CC5962005A7CE2 /* FullScreenViewController.m */,
				C4090B1B17CC5962005A7CE2 /* VideoPlayer.h */,
				C4090B1C17CC5962005A7CE2 /* VideoPlayerKit.h */,
				C4090B1D17CC5962005A7CE2 /* VideoPlayerKit.m */,
				C4090B1E17CC5962005A7CE2 /* VideoPlayerView.h */,
				C4090B1F17CC5962005A7CE2 /* VideoPlayerView.m */,
			);
			path = Code;
			sourceTree = "<group>";
		};
/* End PBXGroup section */

/* Begin PBXNativeTarget section */
		C4090AD917CC5919005A7CE2 /* AVPlayerDemo */ = {
			isa = PBXNativeTarget;
			buildConfigurationList = C4090B0017CC5919005A7CE2 /* Build configuration list for PBXNativeTarget "AVPlayerDemo" */;
			buildPhases = (
				C4090AD617CC5919005A7CE2 /* Sources */,
				C4090AD717CC5919005A7CE2 /* Frameworks */,
				C4090AD817CC5919005A7CE2 /* Resources */,
			);
			buildRules = (
			);
			dependencies = (
			);
			name = AVPlayerDemo;
			productName = AVPlayerDemo;
			productReference = C4090ADA17CC5919005A7CE2 /* AVPlayerDemo.app */;
			productType = "com.apple.product-type.application";
		};
/* End PBXNativeTarget section */

/* Begin PBXProject section */
		C4090AD217CC5919005A7CE2 /* Project object */ = {
			isa = PBXProject;
			attributes = {
				LastUpgradeCheck = 0460;
				ORGANIZATIONNAME = bravetorun;
			};
			buildConfigurationList = C4090AD517CC5919005A7CE2 /* Build configuration list for PBXProject "AVPlayerDemo" */;
			compatibilityVersion = "Xcode 3.2";
			developmentRegion = English;
			hasScannedForEncodings = 0;
			knownRegions = (
				en,
			);
			mainGroup = C4090AD117CC5919005A7CE2;
			productRefGroup = C4090ADB17CC5919005A7CE2 /* Products */;
			projectDirPath = "";
			projectRoot = "";
			targets = (
				C4090AD917CC5919005A7CE2 /* AVPlayerDemo */,
			);
		};
/* End PBXProject section */

/* Begin PBXResourcesBuildPhase section */
		C4090AD817CC5919005A7CE2 /* Resources */ = {
			isa = PBXResourcesBuildPhase;
			buildActionMask = 2147483647;
			files = (
				C4090AE817CC5919005A7CE2 /* InfoPlist.strings in Resources */,
				C4090AF017CC5919005A7CE2 /* Default.png in Resources */,
				C4090AF217CC5919005A7CE2 /* Default@2x.png in Resources */,
				C4090AF417CC5919005A7CE2 /* Default-568h@2x.png in Resources */,
				C4090AFA17CC5919005A7CE2 /* ViewController_iPhone.xib in Resources */,
				C4090AFD17CC5919005A7CE2 /* ViewController_iPad.xib in Resources */,
				C4090B2217CC5962005A7CE2 /* airplay-display.png in Resources */,
				C4090B2317CC5962005A7CE2 /* airplay-display@2x.png in Resources */,
				C4090B2417CC5962005A7CE2 /* fullscreen-button.png in Resources */,
				C4090B2517CC5962005A7CE2 /* fullscreen-button@2x.png in Resources */,
				C4090B2617CC5962005A7CE2 /* minimize-button.png in Resources */,
				C4090B2717CC5962005A7CE2 /* minimize-button@2x.png in Resources */,
				C4090B2817CC5962005A7CE2 /* pause-button.png in Resources */,
				C4090B2917CC5962005A7CE2 /* pause-button@2x.png in Resources */,
				C4090B2A17CC5962005A7CE2 /* play-button.png in Resources */,
				C4090B2B17CC5962005A7CE2 /* play-button@2x.png in Resources */,
				C4090B2C17CC5962005A7CE2 /* share-button.png in Resources */,
				C4090B2D17CC5962005A7CE2 /* share-button@2x.png in Resources */,
				C4090B2E17CC5962005A7CE2 /* transparentBar.png in Resources */,
				C4090B2F17CC5962005A7CE2 /* transparentBar@2x.png in Resources */,
				C4090B3517CC5962005A7CE2 /* README.md in Resources */,
				C4090B3617CC5962005A7CE2 /* VideoPlayerKit.podspec in Resources */,
				C4090B4317CC5B72005A7CE2 /* playerPage.xib in Resources */,
			);
			runOnlyForDeploymentPostprocessing = 0;
		};
/* End PBXResourcesBuildPhase section */

/* Begin PBXSourcesBuildPhase section */
		C4090AD617CC5919005A7CE2 /* Sources */ = {
			isa = PBXSourcesBuildPhase;
			buildActionMask = 2147483647;
			files = (
				C4090AEA17CC5919005A7CE2 /* main.m in Sources */,
				C4090AEE17CC5919005A7CE2 /* AppDelegate.m in Sources */,
				C4090AF717CC5919005A7CE2 /* ViewController.m in Sources */,
				C4090B3017CC5962005A7CE2 /* AirplayActiveView.m in Sources */,
				C4090B3117CC5962005A7CE2 /* FullScreenView.m in Sources */,
				C4090B3217CC5962005A7CE2 /* FullScreenViewController.m in Sources */,
				C4090B3317CC5962005A7CE2 /* VideoPlayerKit.m in Sources */,
				C4090B3417CC5962005A7CE2 /* VideoPlayerView.m in Sources */,
				C4090B4217CC5B72005A7CE2 /* playerPage.m in Sources */,
			);
			runOnlyForDeploymentPostprocessing = 0;
		};
/* End PBXSourcesBuildPhase section */

/* Begin PBXVariantGroup section */
		C4090AE617CC5919005A7CE2 /* InfoPlist.strings */ = {
			isa = PBXVariantGroup;
			children = (
				C4090AE717CC5919005A7CE2 /* en */,
			);
			name = InfoPlist.strings;
			sourceTree = "<group>";
		};
		C4090AF817CC5919005A7CE2 /* ViewController_iPhone.xib */ = {
			isa = PBXVariantGroup;
			children = (
				C4090AF917CC5919005A7CE2 /* en */,
			);
			name = ViewController_iPhone.xib;
			sourceTree = "<group>";
		};
		C4090AFB17CC5919005A7CE2 /* ViewController_iPad.xib */ = {
			isa = PBXVariantGroup;
			children = (
				C4090AFC17CC5919005A7CE2 /* en */,
			);
			name = ViewController_iPad.xib;
			sourceTree = "<group>";
		};
/* End PBXVariantGroup section */

/* Begin XCBuildConfiguration section */
		C4090AFE17CC5919005A7CE2 /* Debug */ = {
			isa = XCBuildConfiguration;
			buildSettings = {
				ALWAYS_SEARCH_USER_PATHS = NO;
				CLANG_CXX_LANGUAGE_STANDARD = "gnu++0x";
				CLANG_CXX_LIBRARY = "libc++";
				CLANG_WARN_CONSTANT_CONVERSION = YES;
				CLANG_WARN_EMPTY_BODY = YES;
				CLANG_WARN_ENUM_CONVERSION = YES;
				CLANG_WARN_INT_CONVERSION = YES;
				CLANG_WARN__DUPLICATE_METHOD_MATCH = YES;
				CODE_SIGN_IDENTITY = "iPhone Developer: Wei Lei (YKD874T2KW)";
				"CODE_SIGN_IDENTITY[sdk=iphoneos*]" = "iPhone Developer: Wei Lei (YKD874T2KW)";
				COPY_PHASE_STRIP = NO;
				GCC_C_LANGUAGE_STANDARD = gnu99;
				GCC_DYNAMIC_NO_PIC = NO;
				GCC_OPTIMIZATION_LEVEL = 0;
				GCC_PREPROCESSOR_DEFINITIONS = (
					"DEBUG=1",
					"$(inherited)",
				);
				GCC_SYMBOLS_PRIVATE_EXTERN = NO;
				GCC_WARN_ABOUT_RETURN_TYPE = YES;
				GCC_WARN_UNINITIALIZED_AUTOS = YES;
				GCC_WARN_UNUSED_VARIABLE = YES;
				IPHONEOS_DEPLOYMENT_TARGET = 6.1;
				ONLY_ACTIVE_ARCH = YES;
				PROVISIONING_PROFILE = "9D599405-9B5A-4F8C-B2CD-268DBDDAF7AB";
				"PROVISIONING_PROFILE[sdk=iphoneos*]" = "9D599405-9B5A-4F8C-B2CD-268DBDDAF7AB";
				SDKROOT = iphoneos;
				TARGETED_DEVICE_FAMILY = "1,2";
			};
			name = Debug;
		};
		C4090AFF17CC5919005A7CE2 /* Release */ = {
			isa = XCBuildConfiguration;
			buildSettings = {
				ALWAYS_SEARCH_USER_PATHS = NO;
				CLANG_CXX_LANGUAGE_STANDARD = "gnu++0x";
				CLANG_CXX_LIBRARY = "libc++";
				CLANG_WARN_CONSTANT_CONVERSION = YES;
				CLANG_WARN_EMPTY_BODY = YES;
				CLANG_WARN_ENUM_CONVERSION = YES;
				CLANG_WARN_INT_CONVERSION = YES;
				CLANG_WARN__DUPLICATE_METHOD_MATCH = YES;
				CODE_SIGN_IDENTITY = "iPhone Developer: Wei Lei (YKD874T2KW)";
				"CODE_SIGN_IDENTITY[sdk=iphoneos*]" = "iPhone Developer: Wei Lei (YKD874T2KW)";
				COPY_PHASE_STRIP = YES;
				GCC_C_LANGUAGE_STANDARD = gnu99;
				GCC_WARN_ABOUT_RETURN_TYPE = YES;
				GCC_WARN_UNINITIALIZED_AUTOS = YES;
				GCC_WARN_UNUSED_VARIABLE = YES;
				IPHONEOS_DEPLOYMENT_TARGET = 6.1;
				OTHER_CFLAGS = "-DNS_BLOCK_ASSERTIONS=1";
				PROVISIONING_PROFILE = "9D599405-9B5A-4F8C-B2CD-268DBDDAF7AB";
				"PROVISIONING_PROFILE[sdk=iphoneos*]" = "9D599405-9B5A-4F8C-B2CD-268DBDDAF7AB";
				SDKROOT = iphoneos;
				TARGETED_DEVICE_FAMILY = "1,2";
				VALIDATE_PRODUCT = YES;
			};
			name = Release;
		};
		C4090B0117CC5919005A7CE2 /* Debug */ = {
			isa = XCBuildConfiguration;
			buildSettings = {
				GCC_PRECOMPILE_PREFIX_HEADER = YES;
				GCC_PREFIX_HEADER = "AVPlayerDemo/AVPlayerDemo-Prefix.pch";
				INFOPLIST_FILE = "AVPlayerDemo/AVPlayerDemo-Info.plist";
				PRODUCT_NAME = "$(TARGET_NAME)";
				TARGETED_DEVICE_FAMILY = 1;
				WRAPPER_EXTENSION = app;
			};
			name = Debug;
		};
		C4090B0217CC5919005A7CE2 /* Release */ = {
			isa = XCBuildConfiguration;
			buildSettings = {
				GCC_PRECOMPILE_PREFIX_HEADER = YES;
				GCC_PREFIX_HEADER = "AVPlayerDemo/AVPlayerDemo-Prefix.pch";
				INFOPLIST_FILE = "AVPlayerDemo/AVPlayerDemo-Info.plist";
				PRODUCT_NAME = "$(TARGET_NAME)";
				TARGETED_DEVICE_FAMILY = 1;
				WRAPPER_EXTENSION = app;
			};
			name = Release;
		};
/* End XCBuildConfiguration section */

/* Begin XCConfigurationList section */
		C4090AD517CC5919005A7CE2 /* Build configuration list for PBXProject "AVPlayerDemo" */ = {
			isa = XCConfigurationList;
			buildConfigurations = (
				C4090AFE17CC5919005A7CE2 /* Debug */,
				C4090AFF17CC5919005A7CE2 /* Release */,
			);
			defaultConfigurationIsVisible = 0;
			defaultConfigurationName = Release;
		};
		C4090B0017CC5919005A7CE2 /* Build configuration list for PBXNativeTarget "AVPlayerDemo" */ = {
			isa = XCConfigurationList;
			buildConfigurations = (
				C4090B0117CC5919005A7CE2 /* Debug */,
				C4090B0217CC5919005A7CE2 /* Release */,
			);
			defaultConfigurationIsVisible = 0;
		};
/* End XCConfigurationList section */
	};
	rootObject = C4090AD217CC5919005A7CE2 /* Project object */;
}
